Microsoft Visual Studio Solution File, Format Version 12.00
# Visual Studio 2012
Project("{FAE04EC0-301F-11D3-BF4B-00C04F79EFBC}") = "Myna.Yarn.Godot", "Myna.Yarn.Godot.csproj", "{39DE8290-13B1-4ADC-B3AE-B712D363A8ED}"
EndProject
Global
	GlobalSection(SolutionConfigurationPlatforms) = preSolution
	Debug|Any CPU = Debug|Any CPU
	ExportDebug|Any CPU = ExportDebug|Any CPU
	ExportRelease|Any CPU = ExportRelease|Any CPU
	EndGlobalSection
	GlobalSection(ProjectConfigurationPlatforms) = postSolution
		{39DE8290-13B1-4ADC-B3AE-B712D363A8ED}.Debug|Any CPU.ActiveCfg = Debug|Any CPU
		{39DE8290-13B1-4ADC-B3AE-B712D363A8ED}.Debug|Any CPU.Build.0 = Debug|Any CPU
		{39DE8290-13B1-4ADC-B3AE-B712D363A8ED}.ExportDebug|Any CPU.ActiveCfg = ExportDebug|Any CPU
		{39DE8290-13B1-4ADC-B3AE-B712D363A8ED}.ExportDebug|Any CPU.Build.0 = ExportDebug|Any CPU
		{39DE8290-13B1-4ADC-B3AE-B712D363A8ED}.ExportRelease|Any CPU.ActiveCfg = ExportRelease|Any CPU
		{39DE8290-13B1-4ADC-B3AE-B712D363A8ED}.ExportRelease|Any CPU.Build.0 = ExportRelease|Any CPU
	EndGlobalSection
EndGlobal
